
Microsoft Visual Studio Solution File, Format Version 12.00
# Visual Studio 15
VisualStudioVersion = 15.0.28307.1022
MinimumVisualStudioVersion = 10.0.40219.1
Project("{FAE04EC0-301F-11D3-BF4B-00C04F79EFBC}") = "EC_Back", "EC_Back\EC_Back.csproj", "{ABD55F29-009B-43B0-8878-89E2CFAD7CB5}"
EndProject
Global
	GlobalSection(SolutionConfigurationPlatforms) = preSolution
		Debug|Any CPU = Debug|Any CPU
		Release|Any CPU = Release|Any CPU
	EndGlobalSection
	GlobalSection(ProjectConfigurationPlatforms) = postSolution
		{ABD55F29-009B-43B0-8878-89E2CFAD7CB5}.Debug|Any CPU.ActiveCfg = Debug|Any CPU
		{ABD55F29-009B-43B0-8878-89E2CFAD7CB5}.Debug|Any CPU.Build.0 = Debug|Any CPU
		{ABD55F29-009B-43B0-8878-89E2CFAD7CB5}.Release|Any CPU.ActiveCfg = Release|Any CPU
		{ABD55F29-009B-43B0-8878-89E2CFAD7CB5}.Release|Any CPU.Build.0 = Release|Any CPU
	EndGlobalSection
	GlobalSection(SolutionProperties) = preSolution
		HideSolutionNode = FALSE
	EndGlobalSection
	GlobalSection(ExtensibilityGlobals) = postSolution
		SolutionGuid = {67137A7C-2114-48FB-B881-46803F5825C6}
	EndGlobalSection
	GlobalSection(TeamFoundationVersionControl) = preSolution
		SccNumberOfProjects = 2
		SccEnterpriseProvider = {4CA58AB2-18FA-4F8D-95D4-32DDF27D184C}
		SccTeamFoundationServer = http://172.20.20.109:8080/tfs/2020%E5%AF%A6%E7%BF%92%E8%A8%88%E7%95%ABnet%E7%8F%AD
		SccLocalPath0 = .
		SccProjectUniqueName1 = EC_Back\\EC_Back.csproj
		SccProjectName1 = EC_Back
		SccLocalPath1 = EC_Back
	EndGlobalSection
EndGlobal
